
Microsoft Visual Studio Solution File, Format Version 12.00
# Visual Studio Version 16
VisualStudioVersion = 16.0.30804.86
MinimumVisualStudioVersion = 10.0.40219.1
Project("{9A19103F-16F7-4668-BE54-9A1E7A4F7556}") = "A_CSharpCourse", "CSharpCourse\A_CSharpCourse.csproj", "{9CB52DC9-1719-4AAE-A014-F2C4D7FFDCBF}"
EndProject
Project("{9A19103F-16F7-4668-BE54-9A1E7A4F7556}") = "B_ControlFlow", "B_ControlFlow\B_ControlFlow.csproj", "{3BD8091B-6CAC-467F-9B2E-EA946EA77DCE}"
EndProject
Project("{FAE04EC0-301F-11D3-BF4B-00C04F79EFBC}") = "C_ArrayCollections", "C_ArrayCollections\C_ArrayCollections.csproj", "{1042FD41-2C49-433D-BF8C-9F5D8B6C57F9}"
EndProject
Global
	GlobalSection(SolutionConfigurationPlatforms) = preSolution
		Debug|Any CPU = Debug|Any CPU
		Release|Any CPU = Release|Any CPU
	EndGlobalSection
	GlobalSection(ProjectConfigurationPlatforms) = postSolution
		{9CB52DC9-1719-4AAE-A014-F2C4D7FFDCBF}.Debug|Any CPU.ActiveCfg = Debug|Any CPU
		{9CB52DC9-1719-4AAE-A014-F2C4D7FFDCBF}.Debug|Any CPU.Build.0 = Debug|Any CPU
		{9CB52DC9-1719-4AAE-A014-F2C4D7FFDCBF}.Release|Any CPU.ActiveCfg = Release|Any CPU
		{9CB52DC9-1719-4AAE-A014-F2C4D7FFDCBF}.Release|Any CPU.Build.0 = Release|Any CPU
		{3BD8091B-6CAC-467F-9B2E-EA946EA77DCE}.Debug|Any CPU.ActiveCfg = Debug|Any CPU
		{3BD8091B-6CAC-467F-9B2E-EA946EA77DCE}.Debug|Any CPU.Build.0 = Debug|Any CPU
		{3BD8091B-6CAC-467F-9B2E-EA946EA77DCE}.Release|Any CPU.ActiveCfg = Release|Any CPU
		{3BD8091B-6CAC-467F-9B2E-EA946EA77DCE}.Release|Any CPU.Build.0 = Release|Any CPU
		{1042FD41-2C49-433D-BF8C-9F5D8B6C57F9}.Debug|Any CPU.ActiveCfg = Debug|Any CPU
		{1042FD41-2C49-433D-BF8C-9F5D8B6C57F9}.Debug|Any CPU.Build.0 = Debug|Any CPU
		{1042FD41-2C49-433D-BF8C-9F5D8B6C57F9}.Release|Any CPU.ActiveCfg = Release|Any CPU
		{1042FD41-2C49-433D-BF8C-9F5D8B6C57F9}.Release|Any CPU.Build.0 = Release|Any CPU
	EndGlobalSection
	GlobalSection(SolutionProperties) = preSolution
		HideSolutionNode = FALSE
	EndGlobalSection
	GlobalSection(ExtensibilityGlobals) = postSolution
		SolutionGuid = {A1FCBCF2-F9FA-4036-B39B-45F0FCAD24ED}
	EndGlobalSection
EndGlobal
